{
	"name": "recipe",
	"version": "1.0.0",
	"lockfileVersion": 3,
	"requires": true,
	"packages": {
		"": {
			"name": "recipe",
			"version": "1.0.0",
			"license": "ISC",
			"dependencies": {
<<<<<<< HEAD
				"helmet": "^7.0.0"
			}
		},
		"node_modules/helmet": {
			"version": "7.0.0",
			"resolved": "https://registry.npmjs.org/helmet/-/helmet-7.0.0.tgz",
			"integrity": "sha512-MsIgYmdBh460ZZ8cJC81q4XJknjG567wzEmv46WOBblDb6TUd3z8/GhgmsM9pn8g2B80tAJ4m5/d3Bi1KrSUBQ==",
			"engines": {
				"node": ">=16.0.0"
=======
				"node-cache": "^5.1.2"
			}
		},
		"node_modules/clone": {
			"version": "2.1.2",
			"resolved": "https://registry.npmjs.org/clone/-/clone-2.1.2.tgz",
			"integrity": "sha512-3Pe/CF1Nn94hyhIYpjtiLhdCoEoz0DqQ+988E9gmeEdQZlojxnOb74wctFyuwWQHzqyf9X7C7MG8juUpqBJT8w==",
			"engines": {
				"node": ">=0.8"
			}
		},
		"node_modules/node-cache": {
			"version": "5.1.2",
			"resolved": "https://registry.npmjs.org/node-cache/-/node-cache-5.1.2.tgz",
			"integrity": "sha512-t1QzWwnk4sjLWaQAS8CHgOJ+RAfmHpxFWmc36IWTiWHQfs0w5JDMBS1b1ZxQteo0vVVuWJvIUKHDkkeK7vIGCg==",
			"dependencies": {
				"clone": "2.x"
			},
			"engines": {
				"node": ">= 8.0.0"
>>>>>>> dev
			}
		}
	}
}
